
Microsoft Visual Studio Solution File, Format Version 12.00
# Visual Studio 15
VisualStudioVersion = 15.0.27130.2027
MinimumVisualStudioVersion = 10.0.40219.1
Project("{FAE04EC0-301F-11D3-BF4B-00C04F79EFBC}") = "CV4SWeb", "CV4SWeb\CV4SWeb.csproj", "{C71B56B9-8D4B-4B71-BE94-A217FD362994}"
EndProject
Global
	GlobalSection(SolutionConfigurationPlatforms) = preSolution
		Debug|Any CPU = Debug|Any CPU
		Release|Any CPU = Release|Any CPU
	EndGlobalSection
	GlobalSection(ProjectConfigurationPlatforms) = postSolution
		{C71B56B9-8D4B-4B71-BE94-A217FD362994}.Debug|Any CPU.ActiveCfg = Debug|Any CPU
		{C71B56B9-8D4B-4B71-BE94-A217FD362994}.Debug|Any CPU.Build.0 = Debug|Any CPU
		{C71B56B9-8D4B-4B71-BE94-A217FD362994}.Release|Any CPU.ActiveCfg = Release|Any CPU
		{C71B56B9-8D4B-4B71-BE94-A217FD362994}.Release|Any CPU.Build.0 = Release|Any CPU
	EndGlobalSection
	GlobalSection(SolutionProperties) = preSolution
		HideSolutionNode = FALSE
	EndGlobalSection
	GlobalSection(ExtensibilityGlobals) = postSolution
		SolutionGuid = {2C921A82-3511-45BC-B945-AF1AE2803F84}
	EndGlobalSection
EndGlobal
